
Microsoft Visual Studio Solution File, Format Version 12.00
# Visual Studio 15
VisualStudioVersion = 15.0.27428.2005
MinimumVisualStudioVersion = 10.0.40219.1
Project("{8BC9CEB8-8B4A-11D0-8D11-00A0C91BC942}") = "RunTimeDynamicLinking", "RunTimeDynamicLinking.vcxproj", "{D3F13B5C-803D-4384-8EC0-5BB6FE3496E5}"
EndProject
Project("{8BC9CEB8-8B4A-11D0-8D11-00A0C91BC942}") = "PalindromeCounterLibrary", "..\PalindromeCounterLibrary\PalindromeCounterLibrary.vcxproj", "{A457E930-7C3B-4611-AB8F-953C757315C2}"
EndProject
Global
	GlobalSection(SolutionConfigurationPlatforms) = preSolution
		Debug|x64 = Debug|x64
		Debug|x86 = Debug|x86
		Release|x64 = Release|x64
		Release|x86 = Release|x86
	EndGlobalSection
	GlobalSection(ProjectConfigurationPlatforms) = postSolution
		{D3F13B5C-803D-4384-8EC0-5BB6FE3496E5}.Debug|x64.ActiveCfg = Debug|x64
		{D3F13B5C-803D-4384-8EC0-5BB6FE3496E5}.Debug|x64.Build.0 = Debug|x64
		{D3F13B5C-803D-4384-8EC0-5BB6FE3496E5}.Debug|x86.ActiveCfg = Debug|Win32
		{D3F13B5C-803D-4384-8EC0-5BB6FE3496E5}.Debug|x86.Build.0 = Debug|Win32
		{D3F13B5C-803D-4384-8EC0-5BB6FE3496E5}.Release|x64.ActiveCfg = Release|x64
		{D3F13B5C-803D-4384-8EC0-5BB6FE3496E5}.Release|x64.Build.0 = Release|x64
		{D3F13B5C-803D-4384-8EC0-5BB6FE3496E5}.Release|x86.ActiveCfg = Debug|Win32
		{D3F13B5C-803D-4384-8EC0-5BB6FE3496E5}.Release|x86.Build.0 = Debug|Win32
		{A457E930-7C3B-4611-AB8F-953C757315C2}.Debug|x64.ActiveCfg = Debug|x64
		{A457E930-7C3B-4611-AB8F-953C757315C2}.Debug|x64.Build.0 = Debug|x64
		{A457E930-7C3B-4611-AB8F-953C757315C2}.Debug|x86.ActiveCfg = Debug|Win32
		{A457E930-7C3B-4611-AB8F-953C757315C2}.Debug|x86.Build.0 = Debug|Win32
		{A457E930-7C3B-4611-AB8F-953C757315C2}.Release|x64.ActiveCfg = Release|x64
		{A457E930-7C3B-4611-AB8F-953C757315C2}.Release|x64.Build.0 = Release|x64
		{A457E930-7C3B-4611-AB8F-953C757315C2}.Release|x86.ActiveCfg = Debug|Win32
		{A457E930-7C3B-4611-AB8F-953C757315C2}.Release|x86.Build.0 = Debug|Win32
	EndGlobalSection
	GlobalSection(SolutionProperties) = preSolution
		HideSolutionNode = FALSE
	EndGlobalSection
	GlobalSection(ExtensibilityGlobals) = postSolution
		SolutionGuid = {95623E71-2250-4918-A295-295C885F2145}
	EndGlobalSection
EndGlobal
